
Microsoft Visual Studio Solution File, Format Version 12.00
# Visual Studio Version 17
VisualStudioVersion = 17.7.34003.232
MinimumVisualStudioVersion = 10.0.40219.1
Project("{9A19103F-16F7-4668-BE54-9A1E7A4F7556}") = "Calcul_2", "Calcul_2.csproj", "{083407D4-5091-49DE-A235-7DC36896D866}"
EndProject
Project("{9A19103F-16F7-4668-BE54-9A1E7A4F7556}") = "TestProject", "..\..\TestProject\TestProject.csproj", "{D8C75ACC-D59F-4093-9E16-3D7EE9AD39BD}"
EndProject
Global
	GlobalSection(SolutionConfigurationPlatforms) = preSolution
		Debug|Any CPU = Debug|Any CPU
		Release|Any CPU = Release|Any CPU
	EndGlobalSection
	GlobalSection(ProjectConfigurationPlatforms) = postSolution
		{083407D4-5091-49DE-A235-7DC36896D866}.Debug|Any CPU.ActiveCfg = Debug|Any CPU
		{083407D4-5091-49DE-A235-7DC36896D866}.Debug|Any CPU.Build.0 = Debug|Any CPU
		{083407D4-5091-49DE-A235-7DC36896D866}.Release|Any CPU.ActiveCfg = Release|Any CPU
		{083407D4-5091-49DE-A235-7DC36896D866}.Release|Any CPU.Build.0 = Release|Any CPU
		{D8C75ACC-D59F-4093-9E16-3D7EE9AD39BD}.Debug|Any CPU.ActiveCfg = Debug|Any CPU
		{D8C75ACC-D59F-4093-9E16-3D7EE9AD39BD}.Debug|Any CPU.Build.0 = Debug|Any CPU
		{D8C75ACC-D59F-4093-9E16-3D7EE9AD39BD}.Release|Any CPU.ActiveCfg = Release|Any CPU
		{D8C75ACC-D59F-4093-9E16-3D7EE9AD39BD}.Release|Any CPU.Build.0 = Release|Any CPU
	EndGlobalSection
	GlobalSection(SolutionProperties) = preSolution
		HideSolutionNode = FALSE
	EndGlobalSection
	GlobalSection(ExtensibilityGlobals) = postSolution
		SolutionGuid = {8DE5D182-2C7C-49BC-9C0C-B7F2722202AB}
	EndGlobalSection
EndGlobal
